
Microsoft Visual Studio Solution File, Format Version 12.00
# Visual Studio Version 17
VisualStudioVersion = 17.4.33213.308
MinimumVisualStudioVersion = 10.0.40219.1
Project("{FAE04EC0-301F-11D3-BF4B-00C04F79EFBC}") = "ProtectedMultipleObjects", "ProtectedMultipleObjects\ProtectedMultipleObjects.csproj", "{ED245CFD-85F4-4CE7-9C53-3DAA5AAE3ED3}"
EndProject
Global
	GlobalSection(SolutionConfigurationPlatforms) = preSolution
		Debug|Any CPU = Debug|Any CPU
		Release|Any CPU = Release|Any CPU
	EndGlobalSection
	GlobalSection(ProjectConfigurationPlatforms) = postSolution
		{ED245CFD-85F4-4CE7-9C53-3DAA5AAE3ED3}.Debug|Any CPU.ActiveCfg = Debug|Any CPU
		{ED245CFD-85F4-4CE7-9C53-3DAA5AAE3ED3}.Debug|Any CPU.Build.0 = Debug|Any CPU
		{ED245CFD-85F4-4CE7-9C53-3DAA5AAE3ED3}.Release|Any CPU.ActiveCfg = Release|Any CPU
		{ED245CFD-85F4-4CE7-9C53-3DAA5AAE3ED3}.Release|Any CPU.Build.0 = Release|Any CPU
	EndGlobalSection
	GlobalSection(SolutionProperties) = preSolution
		HideSolutionNode = FALSE
	EndGlobalSection
	GlobalSection(ExtensibilityGlobals) = postSolution
		SolutionGuid = {42286208-3688-4AC5-BD6F-B751F52A7816}
	EndGlobalSection
EndGlobal
